{
  "lockfileVersion": 2,
  "configVersion": 1,
  "workspaces": {
    "": {
      "name": "skillquarium",
      "dependencies": {
        "@ff-labs/fff-bun": "0.10.6",
        "@opentui/core": "0.5.1",
        "zod": "4.1.11",
      },
      "devDependencies": {
        "@biomejs/biome": "2.2.4",
        "@types/bun": "1.3.14",
        "typescript": "5.9.3",
      },
    },
  },
  "packages": {
    "@biomejs/biome": ["@biomejs/biome@2.2.4", "", { "optionalDependencies": { "@biomejs/cli-darwin-arm64": "2.2.4", "@biomejs/cli-darwin-x64": "2.2.4", "@biomejs/cli-linux-arm64": "2.2.4", "@biomejs/cli-linux-arm64-musl": "2.2.4", "@biomejs/cli-linux-x64": "2.2.4", "@biomejs/cli-linux-x64-musl": "2.2.4", "@biomejs/cli-win32-arm64": "2.2.4", "@biomejs/cli-win32-x64": "2.2.4" }, "bin": { "biome": "bin/biome" } }, "sha512-TBHU5bUy/Ok6m8c0y3pZiuO/BZoY/OcGxoLlrfQof5s8ISVwbVBdFINPQZyFfKwil8XibYWb7JMwnT8wT4WVPg=="],

    "@biomejs/cli-darwin-arm64": ["@biomejs/cli-darwin-arm64@2.2.4", "", { "os": "darwin", "cpu": "arm64" }, "sha512-RJe2uiyaloN4hne4d2+qVj3d3gFJFbmrr5PYtkkjei1O9c+BjGXgpUPVbi8Pl8syumhzJjFsSIYkcLt2VlVLMA=="],

    "@biomejs/cli-darwin-x64": ["@biomejs/cli-darwin-x64@2.2.4", "", { "os": "darwin", "cpu": "x64" }, "sha512-cFsdB4ePanVWfTnPVaUX+yr8qV8ifxjBKMkZwN7gKb20qXPxd/PmwqUH8mY5wnM9+U0QwM76CxFyBRJhC9tQwg=="],

    "@biomejs/cli-linux-arm64": ["@biomejs/cli-linux-arm64@2.2.4", "", { "os": "linux", "cpu": "arm64" }, "sha512-M/Iz48p4NAzMXOuH+tsn5BvG/Jb07KOMTdSVwJpicmhN309BeEyRyQX+n1XDF0JVSlu28+hiTQ2L4rZPvu7nMw=="],

    "@biomejs/cli-linux-arm64-musl": ["@biomejs/cli-linux-arm64-musl@2.2.4", "", { "os": "linux", "cpu": "arm64" }, "sha512-7TNPkMQEWfjvJDaZRSkDCPT/2r5ESFPKx+TEev+I2BXDGIjfCZk2+b88FOhnJNHtksbOZv8ZWnxrA5gyTYhSsQ=="],

    "@biomejs/cli-linux-x64": ["@biomejs/cli-linux-x64@2.2.4", "", { "os": "linux", "cpu": "x64" }, "sha512-orr3nnf2Dpb2ssl6aihQtvcKtLySLta4E2UcXdp7+RTa7mfJjBgIsbS0B9GC8gVu0hjOu021aU8b3/I1tn+pVQ=="],

    "@biomejs/cli-linux-x64-musl": ["@biomejs/cli-linux-x64-musl@2.2.4", "", { "os": "linux", "cpu": "x64" }, "sha512-m41nFDS0ksXK2gwXL6W6yZTYPMH0LughqbsxInSKetoH6morVj43szqKx79Iudkp8WRT5SxSh7qVb8KCUiewGg=="],

    "@biomejs/cli-win32-arm64": ["@biomejs/cli-win32-arm64@2.2.4", "", { "os": "win32", "cpu": "arm64" }, "sha512-NXnfTeKHDFUWfxAefa57DiGmu9VyKi0cDqFpdI+1hJWQjGJhJutHPX0b5m+eXvTKOaf+brU+P0JrQAZMb5yYaQ=="],

    "@biomejs/cli-win32-x64": ["@biomejs/cli-win32-x64@2.2.4", "", { "os": "win32", "cpu": "x64" }, "sha512-3Y4V4zVRarVh/B/eSHczR4LYoSVyv3Dfuvm3cWs5w/HScccS0+Wt/lHOcDTRYeHjQmMYVC3rIRWqyN2EI52+zg=="],

    "@ff-labs/fff-bin-android-arm64": ["@ff-labs/fff-bin-android-arm64@0.10.6", "", { "os": "android", "cpu": "arm64" }, "sha512-hGOo0wlxdhObNdK9lTNhNIrzOs99l352E0QqglD/3H1B6LsSVoVHxNeR09RmiSoIM1lOJ+FnkpXOJ5EZXSGl0w=="],

    "@ff-labs/fff-bin-darwin-arm64": ["@ff-labs/fff-bin-darwin-arm64@0.10.6", "", { "os": "darwin", "cpu": "arm64" }, "sha512-Y0A1f9/UHYg0ej35rnt8Q2A2DMbBzRa4Fc9WpoBST/oVvWOQ7v5JF5ko7NAapOFM0N5oaB9oey1Hsshs6LIyYA=="],

    "@ff-labs/fff-bin-darwin-x64": ["@ff-labs/fff-bin-darwin-x64@0.10.6", "", { "os": "darwin", "cpu": "x64" }, "sha512-qQnmQWnotuOne10vtVHoMKTxCSANaJ3a/cegBKvfN8cZCr4b4Vtg51APADh8U3AwsI/k61rJQgjy6BqdBYj3cw=="],

    "@ff-labs/fff-bin-linux-arm64-gnu": ["@ff-labs/fff-bin-linux-arm64-gnu@0.10.6", "", { "os": "linux", "cpu": "arm64" }, "sha512-JwfgfwL4V0+tJCc1HW3In++1c+EZLix0ecV/k4b+8DyzSGh3GPZB1i7F4JXQFHVibs71mLeFEJO4owglullZNw=="],

    "@ff-labs/fff-bin-linux-arm64-musl": ["@ff-labs/fff-bin-linux-arm64-musl@0.10.6", "", { "os": "linux", "cpu": "arm64" }, "sha512-g0ggmohZiVkNQsNho1r6I06sk8jlKmb8gzmmgL8HeDcaxyiZnxQrqxHmvwROP7T0scEbZGSOle/gyyqfcBRvjg=="],

    "@ff-labs/fff-bin-linux-x64-gnu": ["@ff-labs/fff-bin-linux-x64-gnu@0.10.6", "", { "os": "linux", "cpu": "x64" }, "sha512-oC8Tlg/+aNbdfEkj4QtVCbrqYUEjQZkP/e1KLwv142+dwjgxHQKQGSIKB67IvP07DKazvUG/0I0YR91dP/ClLA=="],

    "@ff-labs/fff-bin-linux-x64-musl": ["@ff-labs/fff-bin-linux-x64-musl@0.10.6", "", { "os": "linux", "cpu": "x64" }, "sha512-voj2gFq6knjzXKNy2k7EyqoXizv/VZbJ6bfq7enMI5T+tCM0cKlSEjwlBOMaVj+cxrh6fSb5vnnPjhBSuZcxmA=="],

    "@ff-labs/fff-bin-win32-arm64": ["@ff-labs/fff-bin-win32-arm64@0.10.6", "", { "os": "win32", "cpu": "arm64" }, "sha512-GFfA21vuxcyqZZ2pSq7V5ClAKIVrWLulK5h93wjUc308zyxApY2luJdyIBHtw93UTkJQ079mRMPIthkeCEEn9A=="],

    "@ff-labs/fff-bin-win32-x64": ["@ff-labs/fff-bin-win32-x64@0.10.6", "", { "os": "win32", "cpu": "x64" }, "sha512-EjOHtxRNmZnjrNx2fahiAhP2wLDad6tlLL3cIk3snEzHpP30VygZMcuq3u8fNBZOeHgEPGRnqkfhILQDyblvJQ=="],

    "@ff-labs/fff-bun": ["@ff-labs/fff-bun@0.10.6", "", { "optionalDependencies": { "@ff-labs/fff-bin-android-arm64": "0.10.6", "@ff-labs/fff-bin-darwin-arm64": "0.10.6", "@ff-labs/fff-bin-darwin-x64": "0.10.6", "@ff-labs/fff-bin-linux-arm64-gnu": "0.10.6", "@ff-labs/fff-bin-linux-arm64-musl": "0.10.6", "@ff-labs/fff-bin-linux-x64-gnu": "0.10.6", "@ff-labs/fff-bin-linux-x64-musl": "0.10.6", "@ff-labs/fff-bin-win32-arm64": "0.10.6", "@ff-labs/fff-bin-win32-x64": "0.10.6" }, "os": [ "!aix", "!sunos", "!freebsd", "!openbsd", ], "cpu": [ "x64", "arm64", ] }, "sha512-ShRbXQ9kSIYom5IRpq6d0DE0RUWKIbXhtERPu3q5UN7387IO4gpSYNeBo85IEqD1yqgq86KyKeFJcAliY7RGNg=="],

    "@opentui/core": ["@opentui/core@0.5.1", "", { "dependencies": { "bun-ffi-structs": "0.3.1", "diff": "9.0.0", "marked": "17.0.1", "string-width": "7.2.0", "strip-ansi": "7.1.2" }, "optionalDependencies": { "@opentui/core-darwin-arm64": "0.5.1", "@opentui/core-darwin-x64": "0.5.1", "@opentui/core-linux-arm64": "0.5.1", "@opentui/core-linux-arm64-musl": "0.5.1", "@opentui/core-linux-x64": "0.5.1", "@opentui/core-linux-x64-musl": "0.5.1", "@opentui/core-win32-arm64": "0.5.1", "@opentui/core-win32-x64": "0.5.1" }, "peerDependencies": { "web-tree-sitter": "0.25.10" } }, "sha512-mIBFyqIP4rkhQ35uldLXWawWQ6S9tvNWvmxGmDJ7W9cLXjegG6gKEfZ/4NyIMma755ERs/sqO/pIh3Ytf3DDFg=="],

    "@opentui/core-darwin-arm64": ["@opentui/core-darwin-arm64@0.5.1", "", { "os": "darwin", "cpu": "arm64" }, "sha512-Yl3JBLYRrBN+SxXY/gYaqCT/JNrN50K4xO7hYC+/Si8/FgOrBlbRmfJIUNQdZMMLUvOMA+I813+hDw3xfarBzQ=="],

    "@opentui/core-darwin-x64": ["@opentui/core-darwin-x64@0.5.1", "", { "os": "darwin", "cpu": "x64" }, "sha512-kqMVu+LGuHSCxYFkVJtmuyLLLTMztILSNnlx1eSpHHUiDV4PMc+zkxwRIXO+o0TFTW3gNUKleKUkggriYje7Vw=="],

    "@opentui/core-linux-arm64": ["@opentui/core-linux-arm64@0.5.1", "", { "os": "linux", "cpu": "arm64" }, "sha512-PpE1nCHRkxEvSYyZFMToPHjQoVh50A7+BbgetlTX/5ImXzo6iSO83a+7M/1WgZnNu+uZJf5GZKAAcLoRrvQl3Q=="],

    "@opentui/core-linux-arm64-musl": ["@opentui/core-linux-arm64-musl@0.5.1", "", { "os": "linux", "cpu": "arm64" }, "sha512-rmFMtiCm8I0fESB834sTN/ewoI+QDSber588ZO+i08JR6mbv7hkiKW2H/MhiAY1GxGK4nXApleBMyGVOlVDvgQ=="],

    "@opentui/core-linux-x64": ["@opentui/core-linux-x64@0.5.1", "", { "os": "linux", "cpu": "x64" }, "sha512-/CxFxFv+ffMof2nYQrpgEfNkWKkKxYUSfwdt2RdDN5fZRhcxjE949743rV0Oovw5Az63qxPgbyfcZVNVO2HVNg=="],

    "@opentui/core-linux-x64-musl": ["@opentui/core-linux-x64-musl@0.5.1", "", { "os": "linux", "cpu": "x64" }, "sha512-WO8RjhqKyqW/7P0xHdEVT8JGfU2MO7RlK0kdkNnRSnAEVwsTNd2ibhmKDPLGpo/DKaLuA00CsnrNiLGZZiQJKQ=="],

    "@opentui/core-win32-arm64": ["@opentui/core-win32-arm64@0.5.1", "", { "os": "win32", "cpu": "arm64" }, "sha512-AgeTjZbdMxSiuBjyLvcug91qd1Ds6Dlg5z4lCInqL7mPQicDEnKZs5lF2FAaktcU7RPi2wLybbQ/vM0NbpXYmw=="],

    "@opentui/core-win32-x64": ["@opentui/core-win32-x64@0.5.1", "", { "os": "win32", "cpu": "x64" }, "sha512-VttbQHVoZQ5uW5IcQeUHPEx/WFQ2mMflukhhbBjpNSdZOPdzmmC4QGFPQznJVwuzXTnjQ2Nll4AY0ROJ/Q3nkw=="],

    "@types/bun": ["@types/bun@1.3.14", "", { "dependencies": { "bun-types": "1.3.14" } }, "sha512-h1hFqFVcvAvD9j9K7ZW7vd82aSA+rTdznZa+5bwvCwqSB1jmmfLcbIWhOLx1/+boy/xmjgCs/OMUL8hRJSmnPw=="],

    "@types/node": ["@types/node@26.5.1", "", { "dependencies": { "undici-types": "~8.9.0" } }, "sha512-CzNm2FezW4VR/LjG6yUdiEgLE/rAQ9Slj5gCu/C2VrdcW7I0ahNZ8DRbHT7zOZ6r3ONgd/bsQIeSaoDGrd1C6g=="],

    "ansi-regex": ["ansi-regex@6.3.0", "", {}, "sha512-WpDfL7NO6j7tH88IDBNVdUJxDh9nmCteAVW9dsep846XdwF4naCBK+/tGLX3KJgcpgMRXCFlTM2hKGoK9FsdrQ=="],

    "bun-ffi-structs": ["bun-ffi-structs@0.3.1", "", { "peerDependencies": { "typescript": "^5" } }, "sha512-3gM7PpVWLyrwxWjcilSiGuhWanhZivvo6l0u573NziPH6f/gwk6McbaYgn7oJWov6pKGRTDbrg94W5DcJsKTtQ=="],

    "bun-types": ["bun-types@1.3.14", "", { "dependencies": { "@types/node": "*" } }, "sha512-4N0ig0fEomHt5R0KCFWjovxow98rIoRwKolrYdCcknNwMekCXRnWEUvgu5soYV8QXtVsrUD8B95MBOZGPvr6KQ=="],

    "diff": ["diff@9.0.0", "", {}, "sha512-svtcdpS8CgJyqAjEQIXdb3OjhFVVYjzGAPO8WGCmRbrml64SPw/jJD4GoE98aR7r25A0XcgrK3F02yw9R/vhQw=="],

    "emoji-regex": ["emoji-regex@10.6.0", "", {}, "sha512-toUI84YS5YmxW219erniWD0CIVOo46xGKColeNQRgOzDorgBi1v4D71/OFzgD9GO2UGKIv1C3Sp8DAn0+j5w7A=="],

    "get-east-asian-width": ["get-east-asian-width@1.6.0", "", {}, "sha512-QRbvDIbx6YklUe6RxeTeleMR0yv3cYH6PsPZHcnVn7xv7zO1BHN8r0XETu8n6Ye3Q+ahtSarc3WgtNWmehIBfA=="],

    "marked": ["marked@17.0.1", "", { "bin": { "marked": "bin/marked.js" } }, "sha512-boeBdiS0ghpWcSwoNm/jJBwdpFaMnZWRzjA6SkUMYb40SVaN1x7mmfGKp0jvexGcx+7y2La5zRZsYFZI6Qpypg=="],

    "string-width": ["string-width@7.2.0", "", { "dependencies": { "emoji-regex": "^10.3.0", "get-east-asian-width": "^1.0.0", "strip-ansi": "^7.1.0" } }, "sha512-tsaTIkKW9b4N+AEj+SVA+WhJzV7/zMhcSu78mLKWSk7cXMOSHsBKFWUs0fWwq8QyK3MgJBQRX6Gbi4kYbdvGkQ=="],

    "strip-ansi": ["strip-ansi@7.1.2", "", { "dependencies": { "ansi-regex": "^6.0.1" } }, "sha512-gmBGslpoQJtgnMAvOVqGZpEz9dyoKTCzy2nfz/n8aIFhN/jCE/rCmcxabB6jOOHV+0WNnylOxaxBQPSvcWklhA=="],

    "typescript": ["typescript@5.9.3", "", { "bin": { "tsc": "bin/tsc", "tsserver": "bin/tsserver" } }, "sha512-jl1vZzPDinLr9eUt3J/t7V6FgNEw9QjvBPdysz9KfQDD41fQrC2Y4vKQdiaUpFT4bXlb1RHhLpp8wtm6M5TgSw=="],

    "undici-types": ["undici-types@8.9.0", "", {}, "sha512-KTDyRTYX8sWmKXAikPHHSyc63CRPETMctyjKFupcC6OBLXT3xsN0e9aF7m+mIXutFWpUXuedtowG7iLOzp0kQg=="],

    "web-tree-sitter": ["web-tree-sitter@0.25.10", "", { "peerDependencies": { "@types/emscripten": "^1.40.0" }, "optionalPeers": ["@types/emscripten"] }, "sha512-Y09sF44/13XvgVKgO2cNDw5rGk6s26MgoZPXLESvMXeefBf7i6/73eFurre0IsTW6E14Y0ArIzhUMmjoc7xyzA=="],

    "zod": ["zod@4.1.11", "", {}, "sha512-WPsqwxITS2tzx1bzhIKsEs19ABD5vmCVa4xBo2tq/SrV4RNZtfws1EnCWQXM6yh8bD08a1idvkB5MZSBiZsjwg=="],
  }
}
